
Microsoft Visual Studio Solution File, Format Version 12.00
# Visual Studio Version 17
VisualStudioVersion = 17.8.34408.163
MinimumVisualStudioVersion = 10.0.40219.1
Project("{FAE04EC0-301F-11D3-BF4B-00C04F79EFBC}") = "DoAn_LTW", "DoAn_LTW\DoAn_LTW.csproj", "{F3881667-82B2-4A3F-BD92-6684B19F6686}"
EndProject
Global
	GlobalSection(SolutionConfigurationPlatforms) = preSolution
		Debug|Any CPU = Debug|Any CPU
		Release|Any CPU = Release|Any CPU
	EndGlobalSection
	GlobalSection(ProjectConfigurationPlatforms) = postSolution
		{F3881667-82B2-4A3F-BD92-6684B19F6686}.Debug|Any CPU.ActiveCfg = Debug|Any CPU
		{F3881667-82B2-4A3F-BD92-6684B19F6686}.Debug|Any CPU.Build.0 = Debug|Any CPU
		{F3881667-82B2-4A3F-BD92-6684B19F6686}.Release|Any CPU.ActiveCfg = Release|Any CPU
		{F3881667-82B2-4A3F-BD92-6684B19F6686}.Release|Any CPU.Build.0 = Release|Any CPU
	EndGlobalSection
	GlobalSection(SolutionProperties) = preSolution
		HideSolutionNode = FALSE
	EndGlobalSection
	GlobalSection(ExtensibilityGlobals) = postSolution
		SolutionGuid = {F2623364-4D38-4FC3-B8F6-41BD4BEB3177}
	EndGlobalSection
EndGlobal
